
Microsoft Visual Studio Solution File, Format Version 12.00
# Visual Studio 2013
VisualStudioVersion = 12.0.40629.0
MinimumVisualStudioVersion = 10.0.40219.1
Project("{FAE04EC0-301F-11D3-BF4B-00C04F79EFBC}") = "OS2Indberetning", "OS2Indberetning\OS2Indberetning\OS2Indberetning.csproj", "{F388CB76-3489-41F5-9146-EBB59009F785}"
EndProject
Project("{FAE04EC0-301F-11D3-BF4B-00C04F79EFBC}") = "OS2Indberetning.iOS", "OS2Indberetning\OS2Indberetning.iOS\OS2Indberetning.iOS.csproj", "{DF4C463C-405B-429D-ACFB-7FA3768ED277}"
EndProject
Project("{FAE04EC0-301F-11D3-BF4B-00C04F79EFBC}") = "OS2Indberetning.Droid", "OS2Indberetning\OS2Indberetning.Droid\OS2Indberetning.Droid.csproj", "{901C1016-A2D7-4469-B162-0E96D7BCE2D1}"
EndProject
Project("{FAE04EC0-301F-11D3-BF4B-00C04F79EFBC}") = "OS2Indberetning.WinPhone", "OS2Indberetning\OS2Indberetning.WinPhone\OS2Indberetning.WinPhone.csproj", "{CB7E4C21-8857-44EC-96A7-25B34CB98AE6}"
EndProject
Project("{2150E333-8FDC-42A3-9474-1A3956D46DE8}") = ".nuget", ".nuget", "{062837FB-5121-4142-8D9E-B47FFCE66E7B}"
	ProjectSection(SolutionItems) = preProject
		.nuget\NuGet.Config = .nuget\NuGet.Config
		.nuget\NuGet.exe = .nuget\NuGet.exe
		.nuget\NuGet.targets = .nuget\NuGet.targets
	EndProjectSection
EndProject
Project("{FAE04EC0-301F-11D3-BF4B-00C04F79EFBC}") = "OS2Indberetning.Test", "OS2Indberetning.Test\OS2Indberetning.Test.csproj", "{AE9631B3-D6E0-4332-AE03-1A00EB7A43C2}"
EndProject
Global
	GlobalSection(SolutionConfigurationPlatforms) = preSolution
		Ad-Hoc|Any CPU = Ad-Hoc|Any CPU
		Ad-Hoc|ARM = Ad-Hoc|ARM
		Ad-Hoc|iPhone = Ad-Hoc|iPhone
		Ad-Hoc|iPhoneSimulator = Ad-Hoc|iPhoneSimulator
		Ad-Hoc|Mixed Platforms = Ad-Hoc|Mixed Platforms
		Ad-Hoc|x86 = Ad-Hoc|x86
		AppStore|Any CPU = AppStore|Any CPU
		AppStore|ARM = AppStore|ARM
		AppStore|iPhone = AppStore|iPhone
		AppStore|iPhoneSimulator = AppStore|iPhoneSimulator
		AppStore|Mixed Platforms = AppStore|Mixed Platforms
		AppStore|x86 = AppStore|x86
		Debug|Any CPU = Debug|Any CPU
		Debug|ARM = Debug|ARM
		Debug|iPhone = Debug|iPhone
		Debug|iPhoneSimulator = Debug|iPhoneSimulator
		Debug|Mixed Platforms = Debug|Mixed Platforms
		Debug|x86 = Debug|x86
		Release|Any CPU = Release|Any CPU
		Release|ARM = Release|ARM
		Release|iPhone = Release|iPhone
		Release|iPhoneSimulator = Release|iPhoneSimulator
		Release|Mixed Platforms = Release|Mixed Platforms
		Release|x86 = Release|x86
	EndGlobalSection
	GlobalSection(ProjectConfigurationPlatforms) = postSolution
		{F388CB76-3489-41F5-9146-EBB59009F785}.Ad-Hoc|Any CPU.ActiveCfg = Release|Any CPU
		{F388CB76-3489-41F5-9146-EBB59009F785}.Ad-Hoc|Any CPU.Build.0 = Release|Any CPU
		{F388CB76-3489-41F5-9146-EBB59009F785}.Ad-Hoc|ARM.ActiveCfg = Release|Any CPU
		{F388CB76-3489-41F5-9146-EBB59009F785}.Ad-Hoc|iPhone.ActiveCfg = Release|Any CPU
		{F388CB76-3489-41F5-9146-EBB59009F785}.Ad-Hoc|iPhoneSimulator.ActiveCfg = Release|Any CPU
		{F388CB76-3489-41F5-9146-EBB59009F785}.Ad-Hoc|Mixed Platforms.ActiveCfg = Release|Any CPU
		{F388CB76-3489-41F5-9146-EBB59009F785}.Ad-Hoc|Mixed Platforms.Build.0 = Release|Any CPU
		{F388CB76-3489-41F5-9146-EBB59009F785}.Ad-Hoc|x86.ActiveCfg = Release|Any CPU
		{F388CB76-3489-41F5-9146-EBB59009F785}.AppStore|Any CPU.ActiveCfg = Release|Any CPU
		{F388CB76-3489-41F5-9146-EBB59009F785}.AppStore|Any CPU.Build.0 = Release|Any CPU
		{F388CB76-3489-41F5-9146-EBB59009F785}.AppStore|ARM.ActiveCfg = Release|Any CPU
		{F388CB76-3489-41F5-9146-EBB59009F785}.AppStore|iPhone.ActiveCfg = Release|Any CPU
		{F388CB76-3489-41F5-9146-EBB59009F785}.AppStore|iPhoneSimulator.ActiveCfg = Release|Any CPU
		{F388CB76-3489-41F5-9146-EBB59009F785}.AppStore|Mixed Platforms.ActiveCfg = Release|Any CPU
		{F388CB76-3489-41F5-9146-EBB59009F785}.AppStore|Mixed Platforms.Build.0 = Release|Any CPU
		{F388CB76-3489-41F5-9146-EBB59009F785}.AppStore|x86.ActiveCfg = Release|Any CPU
		{F388CB76-3489-41F5-9146-EBB59009F785}.Debug|Any CPU.ActiveCfg = Debug|Any CPU
		{F388CB76-3489-41F5-9146-EBB59009F785}.Debug|Any CPU.Build.0 = Debug|Any CPU
		{F388CB76-3489-41F5-9146-EBB59009F785}.Debug|ARM.ActiveCfg = Debug|Any CPU
		{F388CB76-3489-41F5-9146-EBB59009F785}.Debug|ARM.Build.0 = Debug|Any CPU
		{F388CB76-3489-41F5-9146-EBB59009F785}.Debug|iPhone.ActiveCfg = Debug|Any CPU
		{F388CB76-3489-41F5-9146-EBB59009F785}.Debug|iPhoneSimulator.ActiveCfg = Debug|Any CPU
		{F388CB76-3489-41F5-9146-EBB59009F785}.Debug|Mixed Platforms.ActiveCfg = Debug|Any CPU
		{F388CB76-3489-41F5-9146-EBB59009F785}.Debug|Mixed Platforms.Build.0 = Debug|Any CPU
		{F388CB76-3489-41F5-9146-EBB59009F785}.Debug|x86.ActiveCfg = Debug|Any CPU
		{F388CB76-3489-41F5-9146-EBB59009F785}.Debug|x86.Build.0 = Debug|Any CPU
		{F388CB76-3489-41F5-9146-EBB59009F785}.Debug|x86.Deploy.0 = Debug|Any CPU
		{F388CB76-3489-41F5-9146-EBB59009F785}.Release|Any CPU.ActiveCfg = Release|Any CPU
		{F388CB76-3489-41F5-9146-EBB59009F785}.Release|Any CPU.Build.0 = Release|Any CPU
		{F388CB76-3489-41F5-9146-EBB59009F785}.Release|ARM.ActiveCfg = Release|Any CPU
		{F388CB76-3489-41F5-9146-EBB59009F785}.Release|iPhone.ActiveCfg = Release|Any CPU
		{F388CB76-3489-41F5-9146-EBB59009F785}.Release|iPhoneSimulator.ActiveCfg = Release|Any CPU
		{F388CB76-3489-41F5-9146-EBB59009F785}.Release|Mixed Platforms.ActiveCfg = Release|Any CPU
		{F388CB76-3489-41F5-9146-EBB59009F785}.Release|Mixed Platforms.Build.0 = Release|Any CPU
		{F388CB76-3489-41F5-9146-EBB59009F785}.Release|x86.ActiveCfg = Release|Any CPU
		{DF4C463C-405B-429D-ACFB-7FA3768ED277}.Ad-Hoc|Any CPU.ActiveCfg = Ad-Hoc|iPhone
		{DF4C463C-405B-429D-ACFB-7FA3768ED277}.Ad-Hoc|ARM.ActiveCfg = Ad-Hoc|iPhone
		{DF4C463C-405B-429D-ACFB-7FA3768ED277}.Ad-Hoc|iPhone.ActiveCfg = Ad-Hoc|iPhone
		{DF4C463C-405B-429D-ACFB-7FA3768ED277}.Ad-Hoc|iPhone.Build.0 = Ad-Hoc|iPhone
		{DF4C463C-405B-429D-ACFB-7FA3768ED277}.Ad-Hoc|iPhoneSimulator.ActiveCfg = Ad-Hoc|iPhoneSimulator
		{DF4C463C-405B-429D-ACFB-7FA3768ED277}.Ad-Hoc|iPhoneSimulator.Build.0 = Ad-Hoc|iPhoneSimulator
		{DF4C463C-405B-429D-ACFB-7FA3768ED277}.Ad-Hoc|Mixed Platforms.ActiveCfg = Ad-Hoc|iPhone
		{DF4C463C-405B-429D-ACFB-7FA3768ED277}.Ad-Hoc|Mixed Platforms.Build.0 = Ad-Hoc|iPhone
		{DF4C463C-405B-429D-ACFB-7FA3768ED277}.Ad-Hoc|x86.ActiveCfg = Ad-Hoc|iPhone
		{DF4C463C-405B-429D-ACFB-7FA3768ED277}.AppStore|Any CPU.ActiveCfg = AppStore|iPhone
		{DF4C463C-405B-429D-ACFB-7FA3768ED277}.AppStore|ARM.ActiveCfg = AppStore|iPhone
		{DF4C463C-405B-429D-ACFB-7FA3768ED277}.AppStore|iPhone.ActiveCfg = AppStore|iPhone
		{DF4C463C-405B-429D-ACFB-7FA3768ED277}.AppStore|iPhone.Build.0 = AppStore|iPhone
		{DF4C463C-405B-429D-ACFB-7FA3768ED277}.AppStore|iPhoneSimulator.ActiveCfg = AppStore|iPhoneSimulator
		{DF4C463C-405B-429D-ACFB-7FA3768ED277}.AppStore|iPhoneSimulator.Build.0 = AppStore|iPhoneSimulator
		{DF4C463C-405B-429D-ACFB-7FA3768ED277}.AppStore|Mixed Platforms.ActiveCfg = AppStore|iPhone
		{DF4C463C-405B-429D-ACFB-7FA3768ED277}.AppStore|Mixed Platforms.Build.0 = AppStore|iPhone
		{DF4C463C-405B-429D-ACFB-7FA3768ED277}.AppStore|x86.ActiveCfg = AppStore|iPhone
		{DF4C463C-405B-429D-ACFB-7FA3768ED277}.Debug|Any CPU.ActiveCfg = Debug|iPhone
		{DF4C463C-405B-429D-ACFB-7FA3768ED277}.Debug|ARM.ActiveCfg = Debug|iPhone
		{DF4C463C-405B-429D-ACFB-7FA3768ED277}.Debug|iPhone.ActiveCfg = Debug|iPhone
		{DF4C463C-405B-429D-ACFB-7FA3768ED277}.Debug|iPhone.Build.0 = Debug|iPhone
		{DF4C463C-405B-429D-ACFB-7FA3768ED277}.Debug|iPhoneSimulator.ActiveCfg = Debug|iPhoneSimulator
		{DF4C463C-405B-429D-ACFB-7FA3768ED277}.Debug|iPhoneSimulator.Build.0 = Debug|iPhoneSimulator
		{DF4C463C-405B-429D-ACFB-7FA3768ED277}.Debug|Mixed Platforms.ActiveCfg = Debug|iPhone
		{DF4C463C-405B-429D-ACFB-7FA3768ED277}.Debug|Mixed Platforms.Build.0 = Debug|iPhone
		{DF4C463C-405B-429D-ACFB-7FA3768ED277}.Debug|x86.ActiveCfg = Debug|iPhone
		{DF4C463C-405B-429D-ACFB-7FA3768ED277}.Release|Any CPU.ActiveCfg = Release|iPhone
		{DF4C463C-405B-429D-ACFB-7FA3768ED277}.Release|ARM.ActiveCfg = Release|iPhone
		{DF4C463C-405B-429D-ACFB-7FA3768ED277}.Release|iPhone.ActiveCfg = Release|iPhone
		{DF4C463C-405B-429D-ACFB-7FA3768ED277}.Release|iPhone.Build.0 = Release|iPhone
		{DF4C463C-405B-429D-ACFB-7FA3768ED277}.Release|iPhoneSimulator.ActiveCfg = Release|iPhoneSimulator
		{DF4C463C-405B-429D-ACFB-7FA3768ED277}.Release|iPhoneSimulator.Build.0 = Release|iPhoneSimulator
		{DF4C463C-405B-429D-ACFB-7FA3768ED277}.Release|Mixed Platforms.ActiveCfg = Release|iPhone
		{DF4C463C-405B-429D-ACFB-7FA3768ED277}.Release|Mixed Platforms.Build.0 = Release|iPhone
		{DF4C463C-405B-429D-ACFB-7FA3768ED277}.Release|x86.ActiveCfg = Release|iPhone
		{901C1016-A2D7-4469-B162-0E96D7BCE2D1}.Ad-Hoc|Any CPU.ActiveCfg = Release|Any CPU
		{901C1016-A2D7-4469-B162-0E96D7BCE2D1}.Ad-Hoc|Any CPU.Build.0 = Release|Any CPU
		{901C1016-A2D7-4469-B162-0E96D7BCE2D1}.Ad-Hoc|Any CPU.Deploy.0 = Release|Any CPU
		{901C1016-A2D7-4469-B162-0E96D7BCE2D1}.Ad-Hoc|ARM.ActiveCfg = Release|Any CPU
		{901C1016-A2D7-4469-B162-0E96D7BCE2D1}.Ad-Hoc|iPhone.ActiveCfg = Release|Any CPU
		{901C1016-A2D7-4469-B162-0E96D7BCE2D1}.Ad-Hoc|iPhoneSimulator.ActiveCfg = Release|Any CPU
		{901C1016-A2D7-4469-B162-0E96D7BCE2D1}.Ad-Hoc|Mixed Platforms.ActiveCfg = Release|Any CPU
		{901C1016-A2D7-4469-B162-0E96D7BCE2D1}.Ad-Hoc|Mixed Platforms.Build.0 = Release|Any CPU
		{901C1016-A2D7-4469-B162-0E96D7BCE2D1}.Ad-Hoc|Mixed Platforms.Deploy.0 = Release|Any CPU
		{901C1016-A2D7-4469-B162-0E96D7BCE2D1}.Ad-Hoc|x86.ActiveCfg = Release|Any CPU
		{901C1016-A2D7-4469-B162-0E96D7BCE2D1}.AppStore|Any CPU.ActiveCfg = Release|Any CPU
		{901C1016-A2D7-4469-B162-0E96D7BCE2D1}.AppStore|Any CPU.Build.0 = Release|Any CPU
		{901C1016-A2D7-4469-B162-0E96D7BCE2D1}.AppStore|Any CPU.Deploy.0 = Release|Any CPU
		{901C1016-A2D7-4469-B162-0E96D7BCE2D1}.AppStore|ARM.ActiveCfg = Release|Any CPU
		{901C1016-A2D7-4469-B162-0E96D7BCE2D1}.AppStore|iPhone.ActiveCfg = Release|Any CPU
		{901C1016-A2D7-4469-B162-0E96D7BCE2D1}.AppStore|iPhoneSimulator.ActiveCfg = Release|Any CPU
		{901C1016-A2D7-4469-B162-0E96D7BCE2D1}.AppStore|Mixed Platforms.ActiveCfg = Release|Any CPU
		{901C1016-A2D7-4469-B162-0E96D7BCE2D1}.AppStore|Mixed Platforms.Build.0 = Release|Any CPU
		{901C1016-A2D7-4469-B162-0E96D7BCE2D1}.AppStore|Mixed Platforms.Deploy.0 = Release|Any CPU
		{901C1016-A2D7-4469-B162-0E96D7BCE2D1}.AppStore|x86.ActiveCfg = Release|Any CPU
		{901C1016-A2D7-4469-B162-0E96D7BCE2D1}.Debug|Any CPU.ActiveCfg = Debug|Any CPU
		{901C1016-A2D7-4469-B162-0E96D7BCE2D1}.Debug|ARM.ActiveCfg = Debug|Any CPU
		{901C1016-A2D7-4469-B162-0E96D7BCE2D1}.Debug|iPhone.ActiveCfg = Debug|Any CPU
		{901C1016-A2D7-4469-B162-0E96D7BCE2D1}.Debug|iPhoneSimulator.ActiveCfg = Debug|Any CPU
		{901C1016-A2D7-4469-B162-0E96D7BCE2D1}.Debug|Mixed Platforms.ActiveCfg = Debug|Any CPU
		{901C1016-A2D7-4469-B162-0E96D7BCE2D1}.Debug|Mixed Platforms.Build.0 = Debug|Any CPU
		{901C1016-A2D7-4469-B162-0E96D7BCE2D1}.Debug|Mixed Platforms.Deploy.0 = Debug|Any CPU
		{901C1016-A2D7-4469-B162-0E96D7BCE2D1}.Debug|x86.ActiveCfg = Debug|Any CPU
		{901C1016-A2D7-4469-B162-0E96D7BCE2D1}.Release|Any CPU.ActiveCfg = Release|Any CPU
		{901C1016-A2D7-4469-B162-0E96D7BCE2D1}.Release|Any CPU.Build.0 = Release|Any CPU
		{901C1016-A2D7-4469-B162-0E96D7BCE2D1}.Release|Any CPU.Deploy.0 = Release|Any CPU
		{901C1016-A2D7-4469-B162-0E96D7BCE2D1}.Release|ARM.ActiveCfg = Release|Any CPU
		{901C1016-A2D7-4469-B162-0E96D7BCE2D1}.Release|iPhone.ActiveCfg = Release|Any CPU
		{901C1016-A2D7-4469-B162-0E96D7BCE2D1}.Release|iPhoneSimulator.ActiveCfg = Release|Any CPU
		{901C1016-A2D7-4469-B162-0E96D7BCE2D1}.Release|Mixed Platforms.ActiveCfg = Release|Any CPU
		{901C1016-A2D7-4469-B162-0E96D7BCE2D1}.Release|Mixed Platforms.Build.0 = Release|Any CPU
		{901C1016-A2D7-4469-B162-0E96D7BCE2D1}.Release|Mixed Platforms.Deploy.0 = Release|Any CPU
		{901C1016-A2D7-4469-B162-0E96D7BCE2D1}.Release|x86.ActiveCfg = Release|Any CPU
		{CB7E4C21-8857-44EC-96A7-25B34CB98AE6}.Ad-Hoc|Any CPU.ActiveCfg = Release|Any CPU
		{CB7E4C21-8857-44EC-96A7-25B34CB98AE6}.Ad-Hoc|Any CPU.Build.0 = Release|Any CPU
		{CB7E4C21-8857-44EC-96A7-25B34CB98AE6}.Ad-Hoc|Any CPU.Deploy.0 = Release|Any CPU
		{CB7E4C21-8857-44EC-96A7-25B34CB98AE6}.Ad-Hoc|ARM.ActiveCfg = Release|ARM
		{CB7E4C21-8857-44EC-96A7-25B34CB98AE6}.Ad-Hoc|ARM.Build.0 = Release|ARM
		{CB7E4C21-8857-44EC-96A7-25B34CB98AE6}.Ad-Hoc|ARM.Deploy.0 = Release|ARM
		{CB7E4C21-8857-44EC-96A7-25B34CB98AE6}.Ad-Hoc|iPhone.ActiveCfg = Release|Any CPU
		{CB7E4C21-8857-44EC-96A7-25B34CB98AE6}.Ad-Hoc|iPhoneSimulator.ActiveCfg = Release|Any CPU
		{CB7E4C21-8857-44EC-96A7-25B34CB98AE6}.Ad-Hoc|Mixed Platforms.ActiveCfg = Release|x86
		{CB7E4C21-8857-44EC-96A7-25B34CB98AE6}.Ad-Hoc|Mixed Platforms.Build.0 = Release|x86
		{CB7E4C21-8857-44EC-96A7-25B34CB98AE6}.Ad-Hoc|Mixed Platforms.Deploy.0 = Release|x86
		{CB7E4C21-8857-44EC-96A7-25B34CB98AE6}.Ad-Hoc|x86.ActiveCfg = Release|x86
		{CB7E4C21-8857-44EC-96A7-25B34CB98AE6}.Ad-Hoc|x86.Build.0 = Release|x86
		{CB7E4C21-8857-44EC-96A7-25B34CB98AE6}.Ad-Hoc|x86.Deploy.0 = Release|x86
		{CB7E4C21-8857-44EC-96A7-25B34CB98AE6}.AppStore|Any CPU.ActiveCfg = Release|Any CPU
		{CB7E4C21-8857-44EC-96A7-25B34CB98AE6}.AppStore|Any CPU.Build.0 = Release|Any CPU
		{CB7E4C21-8857-44EC-96A7-25B34CB98AE6}.AppStore|Any CPU.Deploy.0 = Release|Any CPU
		{CB7E4C21-8857-44EC-96A7-25B34CB98AE6}.AppStore|ARM.ActiveCfg = Release|ARM
		{CB7E4C21-8857-44EC-96A7-25B34CB98AE6}.AppStore|ARM.Build.0 = Release|ARM
		{CB7E4C21-8857-44EC-96A7-25B34CB98AE6}.AppStore|ARM.Deploy.0 = Release|ARM
		{CB7E4C21-8857-44EC-96A7-25B34CB98AE6}.AppStore|iPhone.ActiveCfg = Release|Any CPU
		{CB7E4C21-8857-44EC-96A7-25B34CB98AE6}.AppStore|iPhoneSimulator.ActiveCfg = Release|Any CPU
		{CB7E4C21-8857-44EC-96A7-25B34CB98AE6}.AppStore|Mixed Platforms.ActiveCfg = Release|x86
		{CB7E4C21-8857-44EC-96A7-25B34CB98AE6}.AppStore|Mixed Platforms.Build.0 = Release|x86
		{CB7E4C21-8857-44EC-96A7-25B34CB98AE6}.AppStore|Mixed Platforms.Deploy.0 = Release|x86
		{CB7E4C21-8857-44EC-96A7-25B34CB98AE6}.AppStore|x86.ActiveCfg = Release|x86
		{CB7E4C21-8857-44EC-96A7-25B34CB98AE6}.AppStore|x86.Build.0 = Release|x86
		{CB7E4C21-8857-44EC-96A7-25B34CB98AE6}.AppStore|x86.Deploy.0 = Release|x86
		{CB7E4C21-8857-44EC-96A7-25B34CB98AE6}.Debug|Any CPU.ActiveCfg = Debug|Any CPU
		{CB7E4C21-8857-44EC-96A7-25B34CB98AE6}.Debug|Any CPU.Build.0 = Debug|Any CPU
		{CB7E4C21-8857-44EC-96A7-25B34CB98AE6}.Debug|Any CPU.Deploy.0 = Debug|Any CPU
		{CB7E4C21-8857-44EC-96A7-25B34CB98AE6}.Debug|ARM.ActiveCfg = Debug|ARM
		{CB7E4C21-8857-44EC-96A7-25B34CB98AE6}.Debug|ARM.Build.0 = Debug|ARM
		{CB7E4C21-8857-44EC-96A7-25B34CB98AE6}.Debug|ARM.Deploy.0 = Debug|ARM
		{CB7E4C21-8857-44EC-96A7-25B34CB98AE6}.Debug|iPhone.ActiveCfg = Debug|Any CPU
		{CB7E4C21-8857-44EC-96A7-25B34CB98AE6}.Debug|iPhoneSimulator.ActiveCfg = Debug|Any CPU
		{CB7E4C21-8857-44EC-96A7-25B34CB98AE6}.Debug|Mixed Platforms.ActiveCfg = Debug|x86
		{CB7E4C21-8857-44EC-96A7-25B34CB98AE6}.Debug|Mixed Platforms.Build.0 = Debug|x86
		{CB7E4C21-8857-44EC-96A7-25B34CB98AE6}.Debug|Mixed Platforms.Deploy.0 = Debug|x86
		{CB7E4C21-8857-44EC-96A7-25B34CB98AE6}.Debug|x86.ActiveCfg = Debug|x86
		{CB7E4C21-8857-44EC-96A7-25B34CB98AE6}.Debug|x86.Build.0 = Debug|x86
		{CB7E4C21-8857-44EC-96A7-25B34CB98AE6}.Debug|x86.Deploy.0 = Debug|x86
		{CB7E4C21-8857-44EC-96A7-25B34CB98AE6}.Release|Any CPU.ActiveCfg = Release|Any CPU
		{CB7E4C21-8857-44EC-96A7-25B34CB98AE6}.Release|Any CPU.Build.0 = Release|Any CPU
		{CB7E4C21-8857-44EC-96A7-25B34CB98AE6}.Release|Any CPU.Deploy.0 = Release|Any CPU
		{CB7E4C21-8857-44EC-96A7-25B34CB98AE6}.Release|ARM.ActiveCfg = Release|ARM
		{CB7E4C21-8857-44EC-96A7-25B34CB98AE6}.Release|ARM.Build.0 = Release|ARM
		{CB7E4C21-8857-44EC-96A7-25B34CB98AE6}.Release|ARM.Deploy.0 = Release|ARM
		{CB7E4C21-8857-44EC-96A7-25B34CB98AE6}.Release|iPhone.ActiveCfg = Release|Any CPU
		{CB7E4C21-8857-44EC-96A7-25B34CB98AE6}.Release|iPhoneSimulator.ActiveCfg = Release|Any CPU
		{CB7E4C21-8857-44EC-96A7-25B34CB98AE6}.Release|Mixed Platforms.ActiveCfg = Release|x86
		{CB7E4C21-8857-44EC-96A7-25B34CB98AE6}.Release|Mixed Platforms.Build.0 = Release|x86
		{CB7E4C21-8857-44EC-96A7-25B34CB98AE6}.Release|Mixed Platforms.Deploy.0 = Release|x86
		{CB7E4C21-8857-44EC-96A7-25B34CB98AE6}.Release|x86.ActiveCfg = Release|x86
		{CB7E4C21-8857-44EC-96A7-25B34CB98AE6}.Release|x86.Build.0 = Release|x86
		{CB7E4C21-8857-44EC-96A7-25B34CB98AE6}.Release|x86.Deploy.0 = Release|x86
		{AE9631B3-D6E0-4332-AE03-1A00EB7A43C2}.Ad-Hoc|Any CPU.ActiveCfg = Release|x86
		{AE9631B3-D6E0-4332-AE03-1A00EB7A43C2}.Ad-Hoc|ARM.ActiveCfg = Release|ARM
		{AE9631B3-D6E0-4332-AE03-1A00EB7A43C2}.Ad-Hoc|ARM.Build.0 = Release|ARM
		{AE9631B3-D6E0-4332-AE03-1A00EB7A43C2}.Ad-Hoc|ARM.Deploy.0 = Release|ARM
		{AE9631B3-D6E0-4332-AE03-1A00EB7A43C2}.Ad-Hoc|iPhone.ActiveCfg = Release|x86
		{AE9631B3-D6E0-4332-AE03-1A00EB7A43C2}.Ad-Hoc|iPhoneSimulator.ActiveCfg = Release|x86
		{AE9631B3-D6E0-4332-AE03-1A00EB7A43C2}.Ad-Hoc|Mixed Platforms.ActiveCfg = Release|x86
		{AE9631B3-D6E0-4332-AE03-1A00EB7A43C2}.Ad-Hoc|Mixed Platforms.Build.0 = Release|x86
		{AE9631B3-D6E0-4332-AE03-1A00EB7A43C2}.Ad-Hoc|Mixed Platforms.Deploy.0 = Release|x86
		{AE9631B3-D6E0-4332-AE03-1A00EB7A43C2}.Ad-Hoc|x86.ActiveCfg = Release|x86
		{AE9631B3-D6E0-4332-AE03-1A00EB7A43C2}.Ad-Hoc|x86.Build.0 = Release|x86
		{AE9631B3-D6E0-4332-AE03-1A00EB7A43C2}.Ad-Hoc|x86.Deploy.0 = Release|x86
		{AE9631B3-D6E0-4332-AE03-1A00EB7A43C2}.AppStore|Any CPU.ActiveCfg = Release|x86
		{AE9631B3-D6E0-4332-AE03-1A00EB7A43C2}.AppStore|ARM.ActiveCfg = Release|ARM
		{AE9631B3-D6E0-4332-AE03-1A00EB7A43C2}.AppStore|ARM.Build.0 = Release|ARM
		{AE9631B3-D6E0-4332-AE03-1A00EB7A43C2}.AppStore|ARM.Deploy.0 = Release|ARM
		{AE9631B3-D6E0-4332-AE03-1A00EB7A43C2}.AppStore|iPhone.ActiveCfg = Release|x86
		{AE9631B3-D6E0-4332-AE03-1A00EB7A43C2}.AppStore|iPhoneSimulator.ActiveCfg = Release|x86
		{AE9631B3-D6E0-4332-AE03-1A00EB7A43C2}.AppStore|Mixed Platforms.ActiveCfg = Release|x86
		{AE9631B3-D6E0-4332-AE03-1A00EB7A43C2}.AppStore|Mixed Platforms.Build.0 = Release|x86
		{AE9631B3-D6E0-4332-AE03-1A00EB7A43C2}.AppStore|Mixed Platforms.Deploy.0 = Release|x86
		{AE9631B3-D6E0-4332-AE03-1A00EB7A43C2}.AppStore|x86.ActiveCfg = Release|x86
		{AE9631B3-D6E0-4332-AE03-1A00EB7A43C2}.AppStore|x86.Build.0 = Release|x86
		{AE9631B3-D6E0-4332-AE03-1A00EB7A43C2}.AppStore|x86.Deploy.0 = Release|x86
		{AE9631B3-D6E0-4332-AE03-1A00EB7A43C2}.Debug|Any CPU.ActiveCfg = Debug|x86
		{AE9631B3-D6E0-4332-AE03-1A00EB7A43C2}.Debug|ARM.ActiveCfg = Debug|ARM
		{AE9631B3-D6E0-4332-AE03-1A00EB7A43C2}.Debug|ARM.Build.0 = Debug|ARM
		{AE9631B3-D6E0-4332-AE03-1A00EB7A43C2}.Debug|ARM.Deploy.0 = Debug|ARM
		{AE9631B3-D6E0-4332-AE03-1A00EB7A43C2}.Debug|iPhone.ActiveCfg = Debug|x86
		{AE9631B3-D6E0-4332-AE03-1A00EB7A43C2}.Debug|iPhoneSimulator.ActiveCfg = Debug|x86
		{AE9631B3-D6E0-4332-AE03-1A00EB7A43C2}.Debug|Mixed Platforms.ActiveCfg = Debug|x86
		{AE9631B3-D6E0-4332-AE03-1A00EB7A43C2}.Debug|Mixed Platforms.Build.0 = Debug|x86
		{AE9631B3-D6E0-4332-AE03-1A00EB7A43C2}.Debug|Mixed Platforms.Deploy.0 = Debug|x86
		{AE9631B3-D6E0-4332-AE03-1A00EB7A43C2}.Debug|x86.ActiveCfg = Debug|x86
		{AE9631B3-D6E0-4332-AE03-1A00EB7A43C2}.Debug|x86.Build.0 = Debug|x86
		{AE9631B3-D6E0-4332-AE03-1A00EB7A43C2}.Debug|x86.Deploy.0 = Debug|x86
		{AE9631B3-D6E0-4332-AE03-1A00EB7A43C2}.Release|Any CPU.ActiveCfg = Release|x86
		{AE9631B3-D6E0-4332-AE03-1A00EB7A43C2}.Release|ARM.ActiveCfg = Release|ARM
		{AE9631B3-D6E0-4332-AE03-1A00EB7A43C2}.Release|ARM.Build.0 = Release|ARM
		{AE9631B3-D6E0-4332-AE03-1A00EB7A43C2}.Release|ARM.Deploy.0 = Release|ARM
		{AE9631B3-D6E0-4332-AE03-1A00EB7A43C2}.Release|iPhone.ActiveCfg = Release|x86
		{AE9631B3-D6E0-4332-AE03-1A00EB7A43C2}.Release|iPhoneSimulator.ActiveCfg = Release|x86
		{AE9631B3-D6E0-4332-AE03-1A00EB7A43C2}.Release|Mixed Platforms.ActiveCfg = Release|x86
		{AE9631B3-D6E0-4332-AE03-1A00EB7A43C2}.Release|Mixed Platforms.Build.0 = Release|x86
		{AE9631B3-D6E0-4332-AE03-1A00EB7A43C2}.Release|Mixed Platforms.Deploy.0 = Release|x86
		{AE9631B3-D6E0-4332-AE03-1A00EB7A43C2}.Release|x86.ActiveCfg = Release|x86
		{AE9631B3-D6E0-4332-AE03-1A00EB7A43C2}.Release|x86.Build.0 = Release|x86
		{AE9631B3-D6E0-4332-AE03-1A00EB7A43C2}.Release|x86.Deploy.0 = Release|x86
	EndGlobalSection
	GlobalSection(SolutionProperties) = preSolution
		HideSolutionNode = FALSE
	EndGlobalSection
EndGlobal
