
Microsoft Visual Studio Solution File, Format Version 12.00
# Visual Studio 14
VisualStudioVersion = 14.0.24720.0
MinimumVisualStudioVersion = 10.0.40219.1
Project("{FAE04EC0-301F-11D3-BF4B-00C04F79EFBC}") = "OS2WP8._0.Droid", "OS2WP8.0\OS2WP8._0.Droid\OS2WP8._0.Droid.csproj", "{2FDD3EFF-9254-4675-994F-01AC8C619D0B}"
EndProject
Project("{FAE04EC0-301F-11D3-BF4B-00C04F79EFBC}") = "OS2WP8._0.iOS", "OS2WP8.0\OS2WP8._0.iOS\OS2WP8._0.iOS.csproj", "{5464CC15-4DDE-4179-8ED5-F9939F431F9A}"
EndProject
Project("{FAE04EC0-301F-11D3-BF4B-00C04F79EFBC}") = "OS2WP8._0.WinPhone", "OS2WP8.0\OS2WP8._0.WinPhone\OS2WP8._0.WinPhone.csproj", "{56E46853-8A5E-41E1-9442-64FB8B7583B7}"
EndProject
Project("{FAE04EC0-301F-11D3-BF4B-00C04F79EFBC}") = "OS2WP8._0", "OS2WP8.0\OS2WP8._0\OS2WP8._0.csproj", "{FC0FDAA8-05C4-4CCF-A293-A9D2A1E89617}"
EndProject
Global
	GlobalSection(SolutionConfigurationPlatforms) = preSolution
		Ad-Hoc|Any CPU = Ad-Hoc|Any CPU
		Ad-Hoc|ARM = Ad-Hoc|ARM
		Ad-Hoc|iPhone = Ad-Hoc|iPhone
		Ad-Hoc|iPhoneSimulator = Ad-Hoc|iPhoneSimulator
		Ad-Hoc|x86 = Ad-Hoc|x86
		AppStore|Any CPU = AppStore|Any CPU
		AppStore|ARM = AppStore|ARM
		AppStore|iPhone = AppStore|iPhone
		AppStore|iPhoneSimulator = AppStore|iPhoneSimulator
		AppStore|x86 = AppStore|x86
		Debug|Any CPU = Debug|Any CPU
		Debug|ARM = Debug|ARM
		Debug|iPhone = Debug|iPhone
		Debug|iPhoneSimulator = Debug|iPhoneSimulator
		Debug|x86 = Debug|x86
		Release|Any CPU = Release|Any CPU
		Release|ARM = Release|ARM
		Release|iPhone = Release|iPhone
		Release|iPhoneSimulator = Release|iPhoneSimulator
		Release|x86 = Release|x86
	EndGlobalSection
	GlobalSection(ProjectConfigurationPlatforms) = postSolution
		{2FDD3EFF-9254-4675-994F-01AC8C619D0B}.Ad-Hoc|Any CPU.ActiveCfg = Release|Any CPU
		{2FDD3EFF-9254-4675-994F-01AC8C619D0B}.Ad-Hoc|Any CPU.Build.0 = Release|Any CPU
		{2FDD3EFF-9254-4675-994F-01AC8C619D0B}.Ad-Hoc|Any CPU.Deploy.0 = Release|Any CPU
		{2FDD3EFF-9254-4675-994F-01AC8C619D0B}.Ad-Hoc|ARM.ActiveCfg = Release|Any CPU
		{2FDD3EFF-9254-4675-994F-01AC8C619D0B}.Ad-Hoc|ARM.Build.0 = Release|Any CPU
		{2FDD3EFF-9254-4675-994F-01AC8C619D0B}.Ad-Hoc|ARM.Deploy.0 = Release|Any CPU
		{2FDD3EFF-9254-4675-994F-01AC8C619D0B}.Ad-Hoc|iPhone.ActiveCfg = Release|Any CPU
		{2FDD3EFF-9254-4675-994F-01AC8C619D0B}.Ad-Hoc|iPhone.Build.0 = Release|Any CPU
		{2FDD3EFF-9254-4675-994F-01AC8C619D0B}.Ad-Hoc|iPhone.Deploy.0 = Release|Any CPU
		{2FDD3EFF-9254-4675-994F-01AC8C619D0B}.Ad-Hoc|iPhoneSimulator.ActiveCfg = Release|Any CPU
		{2FDD3EFF-9254-4675-994F-01AC8C619D0B}.Ad-Hoc|iPhoneSimulator.Build.0 = Release|Any CPU
		{2FDD3EFF-9254-4675-994F-01AC8C619D0B}.Ad-Hoc|iPhoneSimulator.Deploy.0 = Release|Any CPU
		{2FDD3EFF-9254-4675-994F-01AC8C619D0B}.Ad-Hoc|x86.ActiveCfg = Release|Any CPU
		{2FDD3EFF-9254-4675-994F-01AC8C619D0B}.Ad-Hoc|x86.Build.0 = Release|Any CPU
		{2FDD3EFF-9254-4675-994F-01AC8C619D0B}.Ad-Hoc|x86.Deploy.0 = Release|Any CPU
		{2FDD3EFF-9254-4675-994F-01AC8C619D0B}.AppStore|Any CPU.ActiveCfg = Release|Any CPU
		{2FDD3EFF-9254-4675-994F-01AC8C619D0B}.AppStore|Any CPU.Build.0 = Release|Any CPU
		{2FDD3EFF-9254-4675-994F-01AC8C619D0B}.AppStore|Any CPU.Deploy.0 = Release|Any CPU
		{2FDD3EFF-9254-4675-994F-01AC8C619D0B}.AppStore|ARM.ActiveCfg = Release|Any CPU
		{2FDD3EFF-9254-4675-994F-01AC8C619D0B}.AppStore|ARM.Build.0 = Release|Any CPU
		{2FDD3EFF-9254-4675-994F-01AC8C619D0B}.AppStore|ARM.Deploy.0 = Release|Any CPU
		{2FDD3EFF-9254-4675-994F-01AC8C619D0B}.AppStore|iPhone.ActiveCfg = Release|Any CPU
		{2FDD3EFF-9254-4675-994F-01AC8C619D0B}.AppStore|iPhone.Build.0 = Release|Any CPU
		{2FDD3EFF-9254-4675-994F-01AC8C619D0B}.AppStore|iPhone.Deploy.0 = Release|Any CPU
		{2FDD3EFF-9254-4675-994F-01AC8C619D0B}.AppStore|iPhoneSimulator.ActiveCfg = Release|Any CPU
		{2FDD3EFF-9254-4675-994F-01AC8C619D0B}.AppStore|iPhoneSimulator.Build.0 = Release|Any CPU
		{2FDD3EFF-9254-4675-994F-01AC8C619D0B}.AppStore|iPhoneSimulator.Deploy.0 = Release|Any CPU
		{2FDD3EFF-9254-4675-994F-01AC8C619D0B}.AppStore|x86.ActiveCfg = Release|Any CPU
		{2FDD3EFF-9254-4675-994F-01AC8C619D0B}.AppStore|x86.Build.0 = Release|Any CPU
		{2FDD3EFF-9254-4675-994F-01AC8C619D0B}.AppStore|x86.Deploy.0 = Release|Any CPU
		{2FDD3EFF-9254-4675-994F-01AC8C619D0B}.Debug|Any CPU.ActiveCfg = Debug|Any CPU
		{2FDD3EFF-9254-4675-994F-01AC8C619D0B}.Debug|ARM.ActiveCfg = Debug|Any CPU
		{2FDD3EFF-9254-4675-994F-01AC8C619D0B}.Debug|ARM.Build.0 = Debug|Any CPU
		{2FDD3EFF-9254-4675-994F-01AC8C619D0B}.Debug|ARM.Deploy.0 = Debug|Any CPU
		{2FDD3EFF-9254-4675-994F-01AC8C619D0B}.Debug|iPhone.ActiveCfg = Debug|Any CPU
		{2FDD3EFF-9254-4675-994F-01AC8C619D0B}.Debug|iPhone.Build.0 = Debug|Any CPU
		{2FDD3EFF-9254-4675-994F-01AC8C619D0B}.Debug|iPhone.Deploy.0 = Debug|Any CPU
		{2FDD3EFF-9254-4675-994F-01AC8C619D0B}.Debug|iPhoneSimulator.ActiveCfg = Debug|Any CPU
		{2FDD3EFF-9254-4675-994F-01AC8C619D0B}.Debug|iPhoneSimulator.Build.0 = Debug|Any CPU
		{2FDD3EFF-9254-4675-994F-01AC8C619D0B}.Debug|iPhoneSimulator.Deploy.0 = Debug|Any CPU
		{2FDD3EFF-9254-4675-994F-01AC8C619D0B}.Debug|x86.ActiveCfg = Debug|Any CPU
		{2FDD3EFF-9254-4675-994F-01AC8C619D0B}.Debug|x86.Build.0 = Debug|Any CPU
		{2FDD3EFF-9254-4675-994F-01AC8C619D0B}.Debug|x86.Deploy.0 = Debug|Any CPU
		{2FDD3EFF-9254-4675-994F-01AC8C619D0B}.Release|Any CPU.ActiveCfg = Release|Any CPU
		{2FDD3EFF-9254-4675-994F-01AC8C619D0B}.Release|ARM.ActiveCfg = Release|Any CPU
		{2FDD3EFF-9254-4675-994F-01AC8C619D0B}.Release|ARM.Build.0 = Release|Any CPU
		{2FDD3EFF-9254-4675-994F-01AC8C619D0B}.Release|ARM.Deploy.0 = Release|Any CPU
		{2FDD3EFF-9254-4675-994F-01AC8C619D0B}.Release|iPhone.ActiveCfg = Release|Any CPU
		{2FDD3EFF-9254-4675-994F-01AC8C619D0B}.Release|iPhone.Build.0 = Release|Any CPU
		{2FDD3EFF-9254-4675-994F-01AC8C619D0B}.Release|iPhone.Deploy.0 = Release|Any CPU
		{2FDD3EFF-9254-4675-994F-01AC8C619D0B}.Release|iPhoneSimulator.ActiveCfg = Release|Any CPU
		{2FDD3EFF-9254-4675-994F-01AC8C619D0B}.Release|iPhoneSimulator.Build.0 = Release|Any CPU
		{2FDD3EFF-9254-4675-994F-01AC8C619D0B}.Release|iPhoneSimulator.Deploy.0 = Release|Any CPU
		{2FDD3EFF-9254-4675-994F-01AC8C619D0B}.Release|x86.ActiveCfg = Release|Any CPU
		{2FDD3EFF-9254-4675-994F-01AC8C619D0B}.Release|x86.Build.0 = Release|Any CPU
		{2FDD3EFF-9254-4675-994F-01AC8C619D0B}.Release|x86.Deploy.0 = Release|Any CPU
		{5464CC15-4DDE-4179-8ED5-F9939F431F9A}.Ad-Hoc|Any CPU.ActiveCfg = Ad-Hoc|iPhone
		{5464CC15-4DDE-4179-8ED5-F9939F431F9A}.Ad-Hoc|ARM.ActiveCfg = Ad-Hoc|iPhone
		{5464CC15-4DDE-4179-8ED5-F9939F431F9A}.Ad-Hoc|iPhone.ActiveCfg = Ad-Hoc|iPhone
		{5464CC15-4DDE-4179-8ED5-F9939F431F9A}.Ad-Hoc|iPhone.Build.0 = Ad-Hoc|iPhone
		{5464CC15-4DDE-4179-8ED5-F9939F431F9A}.Ad-Hoc|iPhoneSimulator.ActiveCfg = Ad-Hoc|iPhoneSimulator
		{5464CC15-4DDE-4179-8ED5-F9939F431F9A}.Ad-Hoc|iPhoneSimulator.Build.0 = Ad-Hoc|iPhoneSimulator
		{5464CC15-4DDE-4179-8ED5-F9939F431F9A}.Ad-Hoc|x86.ActiveCfg = Ad-Hoc|iPhone
		{5464CC15-4DDE-4179-8ED5-F9939F431F9A}.AppStore|Any CPU.ActiveCfg = AppStore|iPhone
		{5464CC15-4DDE-4179-8ED5-F9939F431F9A}.AppStore|ARM.ActiveCfg = AppStore|iPhone
		{5464CC15-4DDE-4179-8ED5-F9939F431F9A}.AppStore|iPhone.ActiveCfg = AppStore|iPhone
		{5464CC15-4DDE-4179-8ED5-F9939F431F9A}.AppStore|iPhone.Build.0 = AppStore|iPhone
		{5464CC15-4DDE-4179-8ED5-F9939F431F9A}.AppStore|iPhoneSimulator.ActiveCfg = AppStore|iPhoneSimulator
		{5464CC15-4DDE-4179-8ED5-F9939F431F9A}.AppStore|iPhoneSimulator.Build.0 = AppStore|iPhoneSimulator
		{5464CC15-4DDE-4179-8ED5-F9939F431F9A}.AppStore|x86.ActiveCfg = AppStore|iPhone
		{5464CC15-4DDE-4179-8ED5-F9939F431F9A}.Debug|Any CPU.ActiveCfg = Debug|iPhone
		{5464CC15-4DDE-4179-8ED5-F9939F431F9A}.Debug|ARM.ActiveCfg = Debug|iPhone
		{5464CC15-4DDE-4179-8ED5-F9939F431F9A}.Debug|iPhone.ActiveCfg = Debug|iPhone
		{5464CC15-4DDE-4179-8ED5-F9939F431F9A}.Debug|iPhone.Build.0 = Debug|iPhone
		{5464CC15-4DDE-4179-8ED5-F9939F431F9A}.Debug|iPhoneSimulator.ActiveCfg = Debug|iPhoneSimulator
		{5464CC15-4DDE-4179-8ED5-F9939F431F9A}.Debug|iPhoneSimulator.Build.0 = Debug|iPhoneSimulator
		{5464CC15-4DDE-4179-8ED5-F9939F431F9A}.Debug|x86.ActiveCfg = Debug|iPhone
		{5464CC15-4DDE-4179-8ED5-F9939F431F9A}.Release|Any CPU.ActiveCfg = Release|iPhone
		{5464CC15-4DDE-4179-8ED5-F9939F431F9A}.Release|ARM.ActiveCfg = Release|iPhone
		{5464CC15-4DDE-4179-8ED5-F9939F431F9A}.Release|iPhone.ActiveCfg = Release|iPhone
		{5464CC15-4DDE-4179-8ED5-F9939F431F9A}.Release|iPhone.Build.0 = Release|iPhone
		{5464CC15-4DDE-4179-8ED5-F9939F431F9A}.Release|iPhoneSimulator.ActiveCfg = Release|iPhoneSimulator
		{5464CC15-4DDE-4179-8ED5-F9939F431F9A}.Release|iPhoneSimulator.Build.0 = Release|iPhoneSimulator
		{5464CC15-4DDE-4179-8ED5-F9939F431F9A}.Release|x86.ActiveCfg = Release|iPhone
		{56E46853-8A5E-41E1-9442-64FB8B7583B7}.Ad-Hoc|Any CPU.ActiveCfg = Release|Any CPU
		{56E46853-8A5E-41E1-9442-64FB8B7583B7}.Ad-Hoc|Any CPU.Build.0 = Release|Any CPU
		{56E46853-8A5E-41E1-9442-64FB8B7583B7}.Ad-Hoc|Any CPU.Deploy.0 = Release|Any CPU
		{56E46853-8A5E-41E1-9442-64FB8B7583B7}.Ad-Hoc|ARM.ActiveCfg = Release|ARM
		{56E46853-8A5E-41E1-9442-64FB8B7583B7}.Ad-Hoc|ARM.Build.0 = Release|ARM
		{56E46853-8A5E-41E1-9442-64FB8B7583B7}.Ad-Hoc|ARM.Deploy.0 = Release|ARM
		{56E46853-8A5E-41E1-9442-64FB8B7583B7}.Ad-Hoc|iPhone.ActiveCfg = Release|Any CPU
		{56E46853-8A5E-41E1-9442-64FB8B7583B7}.Ad-Hoc|iPhone.Build.0 = Release|Any CPU
		{56E46853-8A5E-41E1-9442-64FB8B7583B7}.Ad-Hoc|iPhone.Deploy.0 = Release|Any CPU
		{56E46853-8A5E-41E1-9442-64FB8B7583B7}.Ad-Hoc|iPhoneSimulator.ActiveCfg = Release|Any CPU
		{56E46853-8A5E-41E1-9442-64FB8B7583B7}.Ad-Hoc|iPhoneSimulator.Build.0 = Release|Any CPU
		{56E46853-8A5E-41E1-9442-64FB8B7583B7}.Ad-Hoc|iPhoneSimulator.Deploy.0 = Release|Any CPU
		{56E46853-8A5E-41E1-9442-64FB8B7583B7}.Ad-Hoc|x86.ActiveCfg = Release|x86
		{56E46853-8A5E-41E1-9442-64FB8B7583B7}.Ad-Hoc|x86.Build.0 = Release|x86
		{56E46853-8A5E-41E1-9442-64FB8B7583B7}.Ad-Hoc|x86.Deploy.0 = Release|x86
		{56E46853-8A5E-41E1-9442-64FB8B7583B7}.AppStore|Any CPU.ActiveCfg = Release|Any CPU
		{56E46853-8A5E-41E1-9442-64FB8B7583B7}.AppStore|Any CPU.Build.0 = Release|Any CPU
		{56E46853-8A5E-41E1-9442-64FB8B7583B7}.AppStore|Any CPU.Deploy.0 = Release|Any CPU
		{56E46853-8A5E-41E1-9442-64FB8B7583B7}.AppStore|ARM.ActiveCfg = Release|ARM
		{56E46853-8A5E-41E1-9442-64FB8B7583B7}.AppStore|ARM.Build.0 = Release|ARM
		{56E46853-8A5E-41E1-9442-64FB8B7583B7}.AppStore|ARM.Deploy.0 = Release|ARM
		{56E46853-8A5E-41E1-9442-64FB8B7583B7}.AppStore|iPhone.ActiveCfg = Release|Any CPU
		{56E46853-8A5E-41E1-9442-64FB8B7583B7}.AppStore|iPhone.Build.0 = Release|Any CPU
		{56E46853-8A5E-41E1-9442-64FB8B7583B7}.AppStore|iPhone.Deploy.0 = Release|Any CPU
		{56E46853-8A5E-41E1-9442-64FB8B7583B7}.AppStore|iPhoneSimulator.ActiveCfg = Release|Any CPU
		{56E46853-8A5E-41E1-9442-64FB8B7583B7}.AppStore|iPhoneSimulator.Build.0 = Release|Any CPU
		{56E46853-8A5E-41E1-9442-64FB8B7583B7}.AppStore|iPhoneSimulator.Deploy.0 = Release|Any CPU
		{56E46853-8A5E-41E1-9442-64FB8B7583B7}.AppStore|x86.ActiveCfg = Release|x86
		{56E46853-8A5E-41E1-9442-64FB8B7583B7}.AppStore|x86.Build.0 = Release|x86
		{56E46853-8A5E-41E1-9442-64FB8B7583B7}.AppStore|x86.Deploy.0 = Release|x86
		{56E46853-8A5E-41E1-9442-64FB8B7583B7}.Debug|Any CPU.ActiveCfg = Debug|Any CPU
		{56E46853-8A5E-41E1-9442-64FB8B7583B7}.Debug|Any CPU.Build.0 = Debug|Any CPU
		{56E46853-8A5E-41E1-9442-64FB8B7583B7}.Debug|Any CPU.Deploy.0 = Debug|Any CPU
		{56E46853-8A5E-41E1-9442-64FB8B7583B7}.Debug|ARM.ActiveCfg = Debug|ARM
		{56E46853-8A5E-41E1-9442-64FB8B7583B7}.Debug|ARM.Build.0 = Debug|ARM
		{56E46853-8A5E-41E1-9442-64FB8B7583B7}.Debug|ARM.Deploy.0 = Debug|ARM
		{56E46853-8A5E-41E1-9442-64FB8B7583B7}.Debug|iPhone.ActiveCfg = Debug|Any CPU
		{56E46853-8A5E-41E1-9442-64FB8B7583B7}.Debug|iPhone.Build.0 = Debug|Any CPU
		{56E46853-8A5E-41E1-9442-64FB8B7583B7}.Debug|iPhone.Deploy.0 = Debug|Any CPU
		{56E46853-8A5E-41E1-9442-64FB8B7583B7}.Debug|iPhoneSimulator.ActiveCfg = Debug|Any CPU
		{56E46853-8A5E-41E1-9442-64FB8B7583B7}.Debug|iPhoneSimulator.Build.0 = Debug|Any CPU
		{56E46853-8A5E-41E1-9442-64FB8B7583B7}.Debug|iPhoneSimulator.Deploy.0 = Debug|Any CPU
		{56E46853-8A5E-41E1-9442-64FB8B7583B7}.Debug|x86.ActiveCfg = Debug|x86
		{56E46853-8A5E-41E1-9442-64FB8B7583B7}.Debug|x86.Build.0 = Debug|x86
		{56E46853-8A5E-41E1-9442-64FB8B7583B7}.Debug|x86.Deploy.0 = Debug|x86
		{56E46853-8A5E-41E1-9442-64FB8B7583B7}.Release|Any CPU.ActiveCfg = Release|Any CPU
		{56E46853-8A5E-41E1-9442-64FB8B7583B7}.Release|Any CPU.Build.0 = Release|Any CPU
		{56E46853-8A5E-41E1-9442-64FB8B7583B7}.Release|Any CPU.Deploy.0 = Release|Any CPU
		{56E46853-8A5E-41E1-9442-64FB8B7583B7}.Release|ARM.ActiveCfg = Release|ARM
		{56E46853-8A5E-41E1-9442-64FB8B7583B7}.Release|ARM.Build.0 = Release|ARM
		{56E46853-8A5E-41E1-9442-64FB8B7583B7}.Release|ARM.Deploy.0 = Release|ARM
		{56E46853-8A5E-41E1-9442-64FB8B7583B7}.Release|iPhone.ActiveCfg = Release|Any CPU
		{56E46853-8A5E-41E1-9442-64FB8B7583B7}.Release|iPhone.Build.0 = Release|Any CPU
		{56E46853-8A5E-41E1-9442-64FB8B7583B7}.Release|iPhone.Deploy.0 = Release|Any CPU
		{56E46853-8A5E-41E1-9442-64FB8B7583B7}.Release|iPhoneSimulator.ActiveCfg = Release|Any CPU
		{56E46853-8A5E-41E1-9442-64FB8B7583B7}.Release|iPhoneSimulator.Build.0 = Release|Any CPU
		{56E46853-8A5E-41E1-9442-64FB8B7583B7}.Release|iPhoneSimulator.Deploy.0 = Release|Any CPU
		{56E46853-8A5E-41E1-9442-64FB8B7583B7}.Release|x86.ActiveCfg = Release|x86
		{56E46853-8A5E-41E1-9442-64FB8B7583B7}.Release|x86.Build.0 = Release|x86
		{56E46853-8A5E-41E1-9442-64FB8B7583B7}.Release|x86.Deploy.0 = Release|x86
		{FC0FDAA8-05C4-4CCF-A293-A9D2A1E89617}.Ad-Hoc|Any CPU.ActiveCfg = Release|Any CPU
		{FC0FDAA8-05C4-4CCF-A293-A9D2A1E89617}.Ad-Hoc|Any CPU.Build.0 = Release|Any CPU
		{FC0FDAA8-05C4-4CCF-A293-A9D2A1E89617}.Ad-Hoc|ARM.ActiveCfg = Release|Any CPU
		{FC0FDAA8-05C4-4CCF-A293-A9D2A1E89617}.Ad-Hoc|ARM.Build.0 = Release|Any CPU
		{FC0FDAA8-05C4-4CCF-A293-A9D2A1E89617}.Ad-Hoc|iPhone.ActiveCfg = Release|Any CPU
		{FC0FDAA8-05C4-4CCF-A293-A9D2A1E89617}.Ad-Hoc|iPhone.Build.0 = Release|Any CPU
		{FC0FDAA8-05C4-4CCF-A293-A9D2A1E89617}.Ad-Hoc|iPhoneSimulator.ActiveCfg = Release|Any CPU
		{FC0FDAA8-05C4-4CCF-A293-A9D2A1E89617}.Ad-Hoc|iPhoneSimulator.Build.0 = Release|Any CPU
		{FC0FDAA8-05C4-4CCF-A293-A9D2A1E89617}.Ad-Hoc|x86.ActiveCfg = Release|Any CPU
		{FC0FDAA8-05C4-4CCF-A293-A9D2A1E89617}.Ad-Hoc|x86.Build.0 = Release|Any CPU
		{FC0FDAA8-05C4-4CCF-A293-A9D2A1E89617}.AppStore|Any CPU.ActiveCfg = Release|Any CPU
		{FC0FDAA8-05C4-4CCF-A293-A9D2A1E89617}.AppStore|Any CPU.Build.0 = Release|Any CPU
		{FC0FDAA8-05C4-4CCF-A293-A9D2A1E89617}.AppStore|ARM.ActiveCfg = Release|Any CPU
		{FC0FDAA8-05C4-4CCF-A293-A9D2A1E89617}.AppStore|ARM.Build.0 = Release|Any CPU
		{FC0FDAA8-05C4-4CCF-A293-A9D2A1E89617}.AppStore|iPhone.ActiveCfg = Release|Any CPU
		{FC0FDAA8-05C4-4CCF-A293-A9D2A1E89617}.AppStore|iPhone.Build.0 = Release|Any CPU
		{FC0FDAA8-05C4-4CCF-A293-A9D2A1E89617}.AppStore|iPhoneSimulator.ActiveCfg = Release|Any CPU
		{FC0FDAA8-05C4-4CCF-A293-A9D2A1E89617}.AppStore|iPhoneSimulator.Build.0 = Release|Any CPU
		{FC0FDAA8-05C4-4CCF-A293-A9D2A1E89617}.AppStore|x86.ActiveCfg = Release|Any CPU
		{FC0FDAA8-05C4-4CCF-A293-A9D2A1E89617}.AppStore|x86.Build.0 = Release|Any CPU
		{FC0FDAA8-05C4-4CCF-A293-A9D2A1E89617}.Debug|Any CPU.ActiveCfg = Debug|Any CPU
		{FC0FDAA8-05C4-4CCF-A293-A9D2A1E89617}.Debug|Any CPU.Build.0 = Debug|Any CPU
		{FC0FDAA8-05C4-4CCF-A293-A9D2A1E89617}.Debug|ARM.ActiveCfg = Debug|Any CPU
		{FC0FDAA8-05C4-4CCF-A293-A9D2A1E89617}.Debug|ARM.Build.0 = Debug|Any CPU
		{FC0FDAA8-05C4-4CCF-A293-A9D2A1E89617}.Debug|iPhone.ActiveCfg = Debug|Any CPU
		{FC0FDAA8-05C4-4CCF-A293-A9D2A1E89617}.Debug|iPhone.Build.0 = Debug|Any CPU
		{FC0FDAA8-05C4-4CCF-A293-A9D2A1E89617}.Debug|iPhoneSimulator.ActiveCfg = Debug|Any CPU
		{FC0FDAA8-05C4-4CCF-A293-A9D2A1E89617}.Debug|iPhoneSimulator.Build.0 = Debug|Any CPU
		{FC0FDAA8-05C4-4CCF-A293-A9D2A1E89617}.Debug|x86.ActiveCfg = Debug|Any CPU
		{FC0FDAA8-05C4-4CCF-A293-A9D2A1E89617}.Debug|x86.Build.0 = Debug|Any CPU
		{FC0FDAA8-05C4-4CCF-A293-A9D2A1E89617}.Release|Any CPU.ActiveCfg = Release|Any CPU
		{FC0FDAA8-05C4-4CCF-A293-A9D2A1E89617}.Release|Any CPU.Build.0 = Release|Any CPU
		{FC0FDAA8-05C4-4CCF-A293-A9D2A1E89617}.Release|ARM.ActiveCfg = Release|Any CPU
		{FC0FDAA8-05C4-4CCF-A293-A9D2A1E89617}.Release|ARM.Build.0 = Release|Any CPU
		{FC0FDAA8-05C4-4CCF-A293-A9D2A1E89617}.Release|iPhone.ActiveCfg = Release|Any CPU
		{FC0FDAA8-05C4-4CCF-A293-A9D2A1E89617}.Release|iPhone.Build.0 = Release|Any CPU
		{FC0FDAA8-05C4-4CCF-A293-A9D2A1E89617}.Release|iPhoneSimulator.ActiveCfg = Release|Any CPU
		{FC0FDAA8-05C4-4CCF-A293-A9D2A1E89617}.Release|iPhoneSimulator.Build.0 = Release|Any CPU
		{FC0FDAA8-05C4-4CCF-A293-A9D2A1E89617}.Release|x86.ActiveCfg = Release|Any CPU
		{FC0FDAA8-05C4-4CCF-A293-A9D2A1E89617}.Release|x86.Build.0 = Release|Any CPU
	EndGlobalSection
	GlobalSection(SolutionProperties) = preSolution
		HideSolutionNode = FALSE
	EndGlobalSection
EndGlobal
